// !$*UTF8*$!
{
	archiveVersion = 1;
	classes = {
	};
	objectVersion = 55;
	objects = {

/* Begin PBXBuildFile section */
		3107CBC52877118000B5FD8E /* LoginView.swift in Sources */ = {isa = PBXBuildFile; fileRef = 3107CBC42877118000B5FD8E /* LoginView.swift */; };
		3107CBC7287711AC00B5FD8E /* RegisterView.swift in Sources */ = {isa = PBXBuildFile; fileRef = 3107CBC6287711AC00B5FD8E /* RegisterView.swift */; };
		3107CBCE28771D0600B5FD8E /* GoogleService-Info.plist in Resources */ = {isa = PBXBuildFile; fileRef = 3107CBCD28771D0600B5FD8E /* GoogleService-Info.plist */; };
		31C70D2A28774964002E44AE /* HomeViewController.swift in Sources */ = {isa = PBXBuildFile; fileRef = 31C70D2928774964002E44AE /* HomeViewController.swift */; };
		31C70D2D2877A36D002E44AE /* Constants.swift in Sources */ = {isa = PBXBuildFile; fileRef = 31C70D2C2877A36D002E44AE /* Constants.swift */; };
		31D1BB2028785F5000AEE0C6 /* AlertViewController.swift in Sources */ = {isa = PBXBuildFile; fileRef = 31D1BB1F28785F5000AEE0C6 /* AlertViewController.swift */; };
		31D1BB232878697900AEE0C6 /* UIViewController+Extension.swift in Sources */ = {isa = PBXBuildFile; fileRef = 31D1BB222878697900AEE0C6 /* UIViewController+Extension.swift */; };
		B3A74B815947195A6FE45FCE /* Pods_PetPOC.framework in Frameworks */ = {isa = PBXBuildFile; fileRef = BBF74EDDFF471E78976C41F4 /* Pods_PetPOC.framework */; };
		F8CF583128766B5700524B5B /* AppDelegate.swift in Sources */ = {isa = PBXBuildFile; fileRef = F8CF583028766B5700524B5B /* AppDelegate.swift */; };
		F8CF583A28766B5A00524B5B /* Assets.xcassets in Resources */ = {isa = PBXBuildFile; fileRef = F8CF583928766B5A00524B5B /* Assets.xcassets */; };
		F8CF583D28766B5A00524B5B /* LaunchScreen.storyboard in Resources */ = {isa = PBXBuildFile; fileRef = F8CF583B28766B5A00524B5B /* LaunchScreen.storyboard */; };
		F8CF58452876764F00524B5B /* LoginViewController.swift in Sources */ = {isa = PBXBuildFile; fileRef = F8CF58442876764F00524B5B /* LoginViewController.swift */; };
		F8CF5847287676E000524B5B /* RegisterViewController.swift in Sources */ = {isa = PBXBuildFile; fileRef = F8CF5846287676E000524B5B /* RegisterViewController.swift */; };
/* End PBXBuildFile section */

/* Begin PBXFileReference section */
		034ABE9B4FCF38413B680261 /* Pods-PetPOC.release.xcconfig */ = {isa = PBXFileReference; includeInIndex = 1; lastKnownFileType = text.xcconfig; name = "Pods-PetPOC.release.xcconfig"; path = "Target Support Files/Pods-PetPOC/Pods-PetPOC.release.xcconfig"; sourceTree = "<group>"; };
		3107CBC42877118000B5FD8E /* LoginView.swift */ = {isa = PBXFileReference; lastKnownFileType = sourcecode.swift; path = LoginView.swift; sourceTree = "<group>"; };
		3107CBC6287711AC00B5FD8E /* RegisterView.swift */ = {isa = PBXFileReference; lastKnownFileType = sourcecode.swift; path = RegisterView.swift; sourceTree = "<group>"; };
		3107CBCD28771D0600B5FD8E /* GoogleService-Info.plist */ = {isa = PBXFileReference; fileEncoding = 4; lastKnownFileType = text.plist.xml; path = "GoogleService-Info.plist"; sourceTree = "<group>"; };
		31C70D2928774964002E44AE /* HomeViewController.swift */ = {isa = PBXFileReference; lastKnownFileType = sourcecode.swift; path = HomeViewController.swift; sourceTree = "<group>"; };
		31C70D2C2877A36D002E44AE /* Constants.swift */ = {isa = PBXFileReference; lastKnownFileType = sourcecode.swift; path = Constants.swift; sourceTree = "<group>"; };
		31D1BB1F28785F5000AEE0C6 /* AlertViewController.swift */ = {isa = PBXFileReference; lastKnownFileType = sourcecode.swift; path = AlertViewController.swift; sourceTree = "<group>"; };
		31D1BB222878697900AEE0C6 /* UIViewController+Extension.swift */ = {isa = PBXFileReference; lastKnownFileType = sourcecode.swift; path = "UIViewController+Extension.swift"; sourceTree = "<group>"; };
		BBF74EDDFF471E78976C41F4 /* Pods_PetPOC.framework */ = {isa = PBXFileReference; explicitFileType = wrapper.framework; includeInIndex = 0; path = Pods_PetPOC.framework; sourceTree = BUILT_PRODUCTS_DIR; };
		C1DDB60527C357E74C6689A4 /* Pods-PetPOC.debug.xcconfig */ = {isa = PBXFileReference; includeInIndex = 1; lastKnownFileType = text.xcconfig; name = "Pods-PetPOC.debug.xcconfig"; path = "Target Support Files/Pods-PetPOC/Pods-PetPOC.debug.xcconfig"; sourceTree = "<group>"; };
		F8CF582D28766B5700524B5B /* PetPOC.app */ = {isa = PBXFileReference; explicitFileType = wrapper.application; includeInIndex = 0; path = PetPOC.app; sourceTree = BUILT_PRODUCTS_DIR; };
		F8CF583028766B5700524B5B /* AppDelegate.swift */ = {isa = PBXFileReference; lastKnownFileType = sourcecode.swift; path = AppDelegate.swift; sourceTree = "<group>"; };
		F8CF583928766B5A00524B5B /* Assets.xcassets */ = {isa = PBXFileReference; lastKnownFileType = folder.assetcatalog; path = Assets.xcassets; sourceTree = "<group>"; };
		F8CF583C28766B5A00524B5B /* Base */ = {isa = PBXFileReference; lastKnownFileType = file.storyboard; name = Base; path = Base.lproj/LaunchScreen.storyboard; sourceTree = "<group>"; };
		F8CF583E28766B5A00524B5B /* Info.plist */ = {isa = PBXFileReference; lastKnownFileType = text.plist.xml; path = Info.plist; sourceTree = "<group>"; };
		F8CF58442876764F00524B5B /* LoginViewController.swift */ = {isa = PBXFileReference; lastKnownFileType = sourcecode.swift; path = LoginViewController.swift; sourceTree = "<group>"; };
		F8CF5846287676E000524B5B /* RegisterViewController.swift */ = {isa = PBXFileReference; lastKnownFileType = sourcecode.swift; path = RegisterViewController.swift; sourceTree = "<group>"; };
/* End PBXFileReference section */

/* Begin PBXFrameworksBuildPhase section */
		F8CF582A28766B5700524B5B /* Frameworks */ = {
			isa = PBXFrameworksBuildPhase;
			buildActionMask = 2147483647;
			files = (
				B3A74B815947195A6FE45FCE /* Pods_PetPOC.framework in Frameworks */,
			);
			runOnlyForDeploymentPostprocessing = 0;
		};
/* End PBXFrameworksBuildPhase section */

/* Begin PBXGroup section */
		310F57ED28767CFD00C4871F /* Login */ = {
			isa = PBXGroup;
			children = (
				F8CF58442876764F00524B5B /* LoginViewController.swift */,
				3107CBC42877118000B5FD8E /* LoginView.swift */,
			);
			path = Login;
			sourceTree = "<group>";
		};
		310F57EE28767D0500C4871F /* Register */ = {
			isa = PBXGroup;
			children = (
				F8CF5846287676E000524B5B /* RegisterViewController.swift */,
				3107CBC6287711AC00B5FD8E /* RegisterView.swift */,
			);
			path = Register;
			sourceTree = "<group>";
		};
		310F57EF28767D1A00C4871F /* Files */ = {
			isa = PBXGroup;
			children = (
				F8CF583928766B5A00524B5B /* Assets.xcassets */,
				F8CF583B28766B5A00524B5B /* LaunchScreen.storyboard */,
				F8CF583E28766B5A00524B5B /* Info.plist */,
				3107CBCD28771D0600B5FD8E /* GoogleService-Info.plist */,
			);
			name = Files;
			sourceTree = "<group>";
		};
		31C70D2B2877A300002E44AE /* Constants */ = {
			isa = PBXGroup;
			children = (
				31C70D2C2877A36D002E44AE /* Constants.swift */,
			);
			path = Constants;
			sourceTree = "<group>";
		};
		31D1BB1E28785F3B00AEE0C6 /* Components */ = {
			isa = PBXGroup;
			children = (
				31D1BB1F28785F5000AEE0C6 /* AlertViewController.swift */,
			);
			path = Components;
			sourceTree = "<group>";
		};
		31D1BB212878696000AEE0C6 /* Extensions */ = {
			isa = PBXGroup;
			children = (
				31D1BB222878697900AEE0C6 /* UIViewController+Extension.swift */,
			);
			path = Extensions;
			sourceTree = "<group>";
		};
		91B155F730AA3CF6B3EC6AEC /* Pods */ = {
			isa = PBXGroup;
			children = (
				C1DDB60527C357E74C6689A4 /* Pods-PetPOC.debug.xcconfig */,
				034ABE9B4FCF38413B680261 /* Pods-PetPOC.release.xcconfig */,
			);
			path = Pods;
			sourceTree = "<group>";
		};
		C75B7C2080996EA895A29067 /* Frameworks */ = {
			isa = PBXGroup;
			children = (
				BBF74EDDFF471E78976C41F4 /* Pods_PetPOC.framework */,
			);
			name = Frameworks;
			sourceTree = "<group>";
		};
		F8CF582428766B5700524B5B = {
			isa = PBXGroup;
			children = (
				F8CF582F28766B5700524B5B /* PetPOC */,
				F8CF582E28766B5700524B5B /* Products */,
				91B155F730AA3CF6B3EC6AEC /* Pods */,
				C75B7C2080996EA895A29067 /* Frameworks */,
			);
			sourceTree = "<group>";
		};
		F8CF582E28766B5700524B5B /* Products */ = {
			isa = PBXGroup;
			children = (
				F8CF582D28766B5700524B5B /* PetPOC.app */,
			);
			name = Products;
			sourceTree = "<group>";
		};
		F8CF582F28766B5700524B5B /* PetPOC */ = {
			isa = PBXGroup;
			children = (
				F8CF583028766B5700524B5B /* AppDelegate.swift */,
				31C70D2928774964002E44AE /* HomeViewController.swift */,
				310F57ED28767CFD00C4871F /* Login */,
				310F57EE28767D0500C4871F /* Register */,
				31C70D2B2877A300002E44AE /* Constants */,
				31D1BB1E28785F3B00AEE0C6 /* Components */,
				31D1BB212878696000AEE0C6 /* Extensions */,
				310F57EF28767D1A00C4871F /* Files */,
			);
			path = PetPOC;
			sourceTree = "<group>";
		};
/* End PBXGroup section */

/* Begin PBXNativeTarget section */
		F8CF582C28766B5700524B5B /* PetPOC */ = {
			isa = PBXNativeTarget;
			buildConfigurationList = F8CF584128766B5A00524B5B /* Build configuration list for PBXNativeTarget "PetPOC" */;
			buildPhases = (
				E3580E5E6D6DBA4378A06A5D /* [CP] Check Pods Manifest.lock */,
				F8CF582928766B5700524B5B /* Sources */,
				F8CF582A28766B5700524B5B /* Frameworks */,
				F8CF582B28766B5700524B5B /* Resources */,
				6E8922480F54AB14CCF469BA /* [CP] Embed Pods Frameworks */,
			);
			buildRules = (
			);
			dependencies = (
			);
			name = PetPOC;
			productName = PetPOC;
			productReference = F8CF582D28766B5700524B5B /* PetPOC.app */;
			productType = "com.apple.product-type.application";
		};
/* End PBXNativeTarget section */

/* Begin PBXProject section */
		F8CF582528766B5700524B5B /* Project object */ = {
			isa = PBXProject;
			attributes = {
				BuildIndependentTargetsInParallel = 1;
				LastSwiftUpdateCheck = 1340;
				LastUpgradeCheck = 1340;
				TargetAttributes = {
					F8CF582C28766B5700524B5B = {
						CreatedOnToolsVersion = 13.4.1;
					};
				};
			};
			buildConfigurationList = F8CF582828766B5700524B5B /* Build configuration list for PBXProject "PetPOC" */;
			compatibilityVersion = "Xcode 13.0";
			developmentRegion = en;
			hasScannedForEncodings = 0;
			knownRegions = (
				en,
				Base,
			);
			mainGroup = F8CF582428766B5700524B5B;
			productRefGroup = F8CF582E28766B5700524B5B /* Products */;
			projectDirPath = "";
			projectRoot = "";
			targets = (
				F8CF582C28766B5700524B5B /* PetPOC */,
			);
		};
/* End PBXProject section */

/* Begin PBXResourcesBuildPhase section */
		F8CF582B28766B5700524B5B /* Resources */ = {
			isa = PBXResourcesBuildPhase;
			buildActionMask = 2147483647;
			files = (
				F8CF583D28766B5A00524B5B /* LaunchScreen.storyboard in Resources */,
				F8CF583A28766B5A00524B5B /* Assets.xcassets in Resources */,
				3107CBCE28771D0600B5FD8E /* GoogleService-Info.plist in Resources */,
			);
			runOnlyForDeploymentPostprocessing = 0;
		};
/* End PBXResourcesBuildPhase section */

/* Begin PBXShellScriptBuildPhase section */
		6E8922480F54AB14CCF469BA /* [CP] Embed Pods Frameworks */ = {
			isa = PBXShellScriptBuildPhase;
			buildActionMask = 2147483647;
			files = (
			);
			inputFileListPaths = (
				"${PODS_ROOT}/Target Support Files/Pods-PetPOC/Pods-PetPOC-frameworks-${CONFIGURATION}-input-files.xcfilelist",
			);
			name = "[CP] Embed Pods Frameworks";
			outputFileListPaths = (
				"${PODS_ROOT}/Target Support Files/Pods-PetPOC/Pods-PetPOC-frameworks-${CONFIGURATION}-output-files.xcfilelist",
			);
			runOnlyForDeploymentPostprocessing = 0;
			shellPath = /bin/sh;
			shellScript = "\"${PODS_ROOT}/Target Support Files/Pods-PetPOC/Pods-PetPOC-frameworks.sh\"\n";
			showEnvVarsInLog = 0;
		};
		E3580E5E6D6DBA4378A06A5D /* [CP] Check Pods Manifest.lock */ = {
			isa = PBXShellScriptBuildPhase;
			buildActionMask = 2147483647;
			files = (
			);
			inputFileListPaths = (
			);
			inputPaths = (
				"${PODS_PODFILE_DIR_PATH}/Podfile.lock",
				"${PODS_ROOT}/Manifest.lock",
			);
			name = "[CP] Check Pods Manifest.lock";
			outputFileListPaths = (
			);
			outputPaths = (
				"$(DERIVED_FILE_DIR)/Pods-PetPOC-checkManifestLockResult.txt",
			);
			runOnlyForDeploymentPostprocessing = 0;
			shellPath = /bin/sh;
			shellScript = "diff \"${PODS_PODFILE_DIR_PATH}/Podfile.lock\" \"${PODS_ROOT}/Manifest.lock\" > /dev/null\nif [ $? != 0 ] ; then\n    # print error to STDERR\n    echo \"error: The sandbox is not in sync with the Podfile.lock. Run 'pod install' or update your CocoaPods installation.\" >&2\n    exit 1\nfi\n# This output is used by Xcode 'outputs' to avoid re-running this script phase.\necho \"SUCCESS\" > \"${SCRIPT_OUTPUT_FILE_0}\"\n";
			showEnvVarsInLog = 0;
		};
/* End PBXShellScriptBuildPhase section */

/* Begin PBXSourcesBuildPhase section */
		F8CF582928766B5700524B5B /* Sources */ = {
			isa = PBXSourcesBuildPhase;
			buildActionMask = 2147483647;
			files = (
				31D1BB232878697900AEE0C6 /* UIViewController+Extension.swift in Sources */,
				F8CF58452876764F00524B5B /* LoginViewController.swift in Sources */,
				3107CBC7287711AC00B5FD8E /* RegisterView.swift in Sources */,
				F8CF583128766B5700524B5B /* AppDelegate.swift in Sources */,
				31D1BB2028785F5000AEE0C6 /* AlertViewController.swift in Sources */,
				3107CBC52877118000B5FD8E /* LoginView.swift in Sources */,
				31C70D2D2877A36D002E44AE /* Constants.swift in Sources */,
				F8CF5847287676E000524B5B /* RegisterViewController.swift in Sources */,
				31C70D2A28774964002E44AE /* HomeViewController.swift in Sources */,
			);
			runOnlyForDeploymentPostprocessing = 0;
		};
/* End PBXSourcesBuildPhase section */

/* Begin PBXVariantGroup section */
		F8CF583B28766B5A00524B5B /* LaunchScreen.storyboard */ = {
			isa = PBXVariantGroup;
			children = (
				F8CF583C28766B5A00524B5B /* Base */,
			);
			name = LaunchScreen.storyboard;
			sourceTree = "<group>";
		};
/* End PBXVariantGroup section */

/* Begin XCBuildConfiguration section */
		F8CF583F28766B5A00524B5B /* Debug */ = {
			isa = XCBuildConfiguration;
			buildSettings = {
				ALWAYS_SEARCH_USER_PATHS = NO;
				CLANG_ANALYZER_NONNULL = YES;
				CLANG_ANALYZER_NUMBER_OBJECT_CONVERSION = YES_AGGRESSIVE;
				CLANG_CXX_LANGUAGE_STANDARD = "gnu++17";
				CLANG_ENABLE_MODULES = YES;
				CLANG_ENABLE_OBJC_ARC = YES;
				CLANG_ENABLE_OBJC_WEAK = YES;
				CLANG_WARN_BLOCK_CAPTURE_AUTORELEASING = YES;
				CLANG_WARN_BOOL_CONVERSION = YES;
				CLANG_WARN_COMMA = YES;
				CLANG_WARN_CONSTANT_CONVERSION = YES;
				CLANG_WARN_DEPRECATED_OBJC_IMPLEMENTATIONS = YES;
				CLANG_WARN_DIRECT_OBJC_ISA_USAGE = YES_ERROR;
				CLANG_WARN_DOCUMENTATION_COMMENTS = YES;
				CLANG_WARN_EMPTY_BODY = YES;
				CLANG_WARN_ENUM_CONVERSION = YES;
				CLANG_WARN_INFINITE_RECURSION = YES;
				CLANG_WARN_INT_CONVERSION = YES;
				CLANG_WARN_NON_LITERAL_NULL_CONVERSION = YES;
				CLANG_WARN_OBJC_IMPLICIT_RETAIN_SELF = YES;
				CLANG_WARN_OBJC_LITERAL_CONVERSION = YES;
				CLANG_WARN_OBJC_ROOT_CLASS = YES_ERROR;
				CLANG_WARN_QUOTED_INCLUDE_IN_FRAMEWORK_HEADER = YES;
				CLANG_WARN_RANGE_LOOP_ANALYSIS = YES;
				CLANG_WARN_STRICT_PROTOTYPES = YES;
				CLANG_WARN_SUSPICIOUS_MOVE = YES;
				CLANG_WARN_UNGUARDED_AVAILABILITY = YES_AGGRESSIVE;
				CLANG_WARN_UNREACHABLE_CODE = YES;
				CLANG_WARN__DUPLICATE_METHOD_MATCH = YES;
				COPY_PHASE_STRIP = NO;
				DEBUG_INFORMATION_FORMAT = dwarf;
				ENABLE_STRICT_OBJC_MSGSEND = YES;
				ENABLE_TESTABILITY = YES;
				GCC_C_LANGUAGE_STANDARD = gnu11;
				GCC_DYNAMIC_NO_PIC = NO;
				GCC_NO_COMMON_BLOCKS = YES;
				GCC_OPTIMIZATION_LEVEL = 0;
				GCC_PREPROCESSOR_DEFINITIONS = (
					"DEBUG=1",
					"$(inherited)",
				);
				GCC_WARN_64_TO_32_BIT_CONVERSION = YES;
				GCC_WARN_ABOUT_RETURN_TYPE = YES_ERROR;
				GCC_WARN_UNDECLARED_SELECTOR = YES;
				GCC_WARN_UNINITIALIZED_AUTOS = YES_AGGRESSIVE;
				GCC_WARN_UNUSED_FUNCTION = YES;
				GCC_WARN_UNUSED_VARIABLE = YES;
				IPHONEOS_DEPLOYMENT_TARGET = 15.5;
				MTL_ENABLE_DEBUG_INFO = INCLUDE_SOURCE;
				MTL_FAST_MATH = YES;
				ONLY_ACTIVE_ARCH = YES;
				SDKROOT = iphoneos;
				SWIFT_ACTIVE_COMPILATION_CONDITIONS = DEBUG;
				SWIFT_OPTIMIZATION_LEVEL = "-Onone";
			};
			name = Debug;
		};
		F8CF584028766B5A00524B5B /* Release */ = {
			isa = XCBuildConfiguration;
			buildSettings = {
				ALWAYS_SEARCH_USER_PATHS = NO;
				CLANG_ANALYZER_NONNULL = YES;
				CLANG_ANALYZER_NUMBER_OBJECT_CONVERSION = YES_AGGRESSIVE;
				CLANG_CXX_LANGUAGE_STANDARD = "gnu++17";
				CLANG_ENABLE_MODULES = YES;
				CLANG_ENABLE_OBJC_ARC = YES;
				CLANG_ENABLE_OBJC_WEAK = YES;
				CLANG_WARN_BLOCK_CAPTURE_AUTORELEASING = YES;
				CLANG_WARN_BOOL_CONVERSION = YES;
				CLANG_WARN_COMMA = YES;
				CLANG_WARN_CONSTANT_CONVERSION = YES;
				CLANG_WARN_DEPRECATED_OBJC_IMPLEMENTATIONS = YES;
				CLANG_WARN_DIRECT_OBJC_ISA_USAGE = YES_ERROR;
				CLANG_WARN_DOCUMENTATION_COMMENTS = YES;
				CLANG_WARN_EMPTY_BODY = YES;
				CLANG_WARN_ENUM_CONVERSION = YES;
				CLANG_WARN_INFINITE_RECURSION = YES;
				CLANG_WARN_INT_CONVERSION = YES;
				CLANG_WARN_NON_LITERAL_NULL_CONVERSION = YES;
				CLANG_WARN_OBJC_IMPLICIT_RETAIN_SELF = YES;
				CLANG_WARN_OBJC_LITERAL_CONVERSION = YES;
				CLANG_WARN_OBJC_ROOT_CLASS = YES_ERROR;
				CLANG_WARN_QUOTED_INCLUDE_IN_FRAMEWORK_HEADER = YES;
				CLANG_WARN_RANGE_LOOP_ANALYSIS = YES;
				CLANG_WARN_STRICT_PROTOTYPES = YES;
				CLANG_WARN_SUSPICIOUS_MOVE = YES;
				CLANG_WARN_UNGUARDED_AVAILABILITY = YES_AGGRESSIVE;
				CLANG_WARN_UNREACHABLE_CODE = YES;
				CLANG_WARN__DUPLICATE_METHOD_MATCH = YES;
				COPY_PHASE_STRIP = NO;
				DEBUG_INFORMATION_FORMAT = "dwarf-with-dsym";
				ENABLE_NS_ASSERTIONS = NO;
				ENABLE_STRICT_OBJC_MSGSEND = YES;
				GCC_C_LANGUAGE_STANDARD = gnu11;
				GCC_NO_COMMON_BLOCKS = YES;
				GCC_WARN_64_TO_32_BIT_CONVERSION = YES;
				GCC_WARN_ABOUT_RETURN_TYPE = YES_ERROR;
				GCC_WARN_UNDECLARED_SELECTOR = YES;
				GCC_WARN_UNINITIALIZED_AUTOS = YES_AGGRESSIVE;
				GCC_WARN_UNUSED_FUNCTION = YES;
				GCC_WARN_UNUSED_VARIABLE = YES;
				IPHONEOS_DEPLOYMENT_TARGET = 15.5;
				MTL_ENABLE_DEBUG_INFO = NO;
				MTL_FAST_MATH = YES;
				SDKROOT = iphoneos;
				SWIFT_COMPILATION_MODE = wholemodule;
				SWIFT_OPTIMIZATION_LEVEL = "-O";
				VALIDATE_PRODUCT = YES;
			};
			name = Release;
		};
		F8CF584228766B5A00524B5B /* Debug */ = {
			isa = XCBuildConfiguration;
			baseConfigurationReference = C1DDB60527C357E74C6689A4 /* Pods-PetPOC.debug.xcconfig */;
			buildSettings = {
				ASSETCATALOG_COMPILER_APPICON_NAME = AppIcon;
				ASSETCATALOG_COMPILER_GLOBAL_ACCENT_COLOR_NAME = AccentColor;
				CODE_SIGN_STYLE = Automatic;
				CURRENT_PROJECT_VERSION = 1;
				DEVELOPMENT_TEAM = P2VHV5YCL6;
				GENERATE_INFOPLIST_FILE = YES;
				INFOPLIST_FILE = PetPOC/Info.plist;
				INFOPLIST_KEY_UIApplicationSupportsIndirectInputEvents = YES;
				INFOPLIST_KEY_UILaunchStoryboardName = LaunchScreen;
				INFOPLIST_KEY_UIMainStoryboardFile = "";
				INFOPLIST_KEY_UISupportedInterfaceOrientations = "";
				INFOPLIST_KEY_UISupportedInterfaceOrientations_iPad = "UIInterfaceOrientationPortrait UIInterfaceOrientationPortraitUpsideDown UIInterfaceOrientationLandscapeLeft UIInterfaceOrientationLandscapeRight";
				INFOPLIST_KEY_UISupportedInterfaceOrientations_iPhone = "UIInterfaceOrientationPortrait UIInterfaceOrientationLandscapeLeft UIInterfaceOrientationLandscapeRight";
				IPHONEOS_DEPLOYMENT_TARGET = 15.0;
				LD_RUNPATH_SEARCH_PATHS = (
					"$(inherited)",
					"@executable_path/Frameworks",
				);
				MARKETING_VERSION = 1.0;
				PRODUCT_BUNDLE_IDENTIFIER = com.diegoferreira.PetPOC.PetParker;
				PRODUCT_NAME = "$(TARGET_NAME)";
				SWIFT_EMIT_LOC_STRINGS = YES;
				SWIFT_VERSION = 5.0;
				TARGETED_DEVICE_FAMILY = 1;
			};
			name = Debug;
		};
		F8CF584328766B5A00524B5B /* Release */ = {
			isa = XCBuildConfiguration;
			baseConfigurationReference = 034ABE9B4FCF38413B680261 /* Pods-PetPOC.release.xcconfig */;
			buildSettings = {
				ASSETCATALOG_COMPILER_APPICON_NAME = AppIcon;
				ASSETCATALOG_COMPILER_GLOBAL_ACCENT_COLOR_NAME = AccentColor;
				CODE_SIGN_STYLE = Automatic;
				CURRENT_PROJECT_VERSION = 1;
				DEVELOPMENT_TEAM = P2VHV5YCL6;
				GENERATE_INFOPLIST_FILE = YES;
				INFOPLIST_FILE = PetPOC/Info.plist;
				INFOPLIST_KEY_UIApplicationSupportsIndirectInputEvents = YES;
				INFOPLIST_KEY_UILaunchStoryboardName = LaunchScreen;
				INFOPLIST_KEY_UIMainStoryboardFile = "";
				INFOPLIST_KEY_UISupportedInterfaceOrientations = "";
				INFOPLIST_KEY_UISupportedInterfaceOrientations_iPad = "UIInterfaceOrientationPortrait UIInterfaceOrientationPortraitUpsideDown UIInterfaceOrientationLandscapeLeft UIInterfaceOrientationLandscapeRight";
				INFOPLIST_KEY_UISupportedInterfaceOrientations_iPhone = "UIInterfaceOrientationPortrait UIInterfaceOrientationLandscapeLeft UIInterfaceOrientationLandscapeRight";
				IPHONEOS_DEPLOYMENT_TARGET = 15.0;
				LD_RUNPATH_SEARCH_PATHS = (
					"$(inherited)",
					"@executable_path/Frameworks",
				);
				MARKETING_VERSION = 1.0;
				PRODUCT_BUNDLE_IDENTIFIER = com.diegoferreira.PetPOC.PetParker;
				PRODUCT_NAME = "$(TARGET_NAME)";
				SWIFT_EMIT_LOC_STRINGS = YES;
				SWIFT_VERSION = 5.0;
				TARGETED_DEVICE_FAMILY = 1;
			};
			name = Release;
		};
/* End XCBuildConfiguration section */

/* Begin XCConfigurationList section */
		F8CF582828766B5700524B5B /* Build configuration list for PBXProject "PetPOC" */ = {
			isa = XCConfigurationList;
			buildConfigurations = (
				F8CF583F28766B5A00524B5B /* Debug */,
				F8CF584028766B5A00524B5B /* Release */,
			);
			defaultConfigurationIsVisible = 0;
			defaultConfigurationName = Release;
		};
		F8CF584128766B5A00524B5B /* Build configuration list for PBXNativeTarget "PetPOC" */ = {
			isa = XCConfigurationList;
			buildConfigurations = (
				F8CF584228766B5A00524B5B /* Debug */,
				F8CF584328766B5A00524B5B /* Release */,
			);
			defaultConfigurationIsVisible = 0;
			defaultConfigurationName = Release;
		};
/* End XCConfigurationList section */
	};
	rootObject = F8CF582528766B5700524B5B /* Project object */;
}
